# This file is autogenerated, do not edit; changes may be undone by the next 'dep ensure'.


[[projects]]
  branch = "master"
  digest = "1:4cc6a15fe9886e53253bf6b16b737111f08d9f4a6d83f881e76ae5ec665aaf41"
  name = "github.com/rylans/getlang"
  packages = ["."]
  pruneopts = "UT"
  revision = "bc10a4549029b385278b0a50a1ffd92a2955a54d"

[[projects]]
  digest = "1:37a084d96d03d81a060791378bc44f98f9ad0d48c20ddbc3e154afeeb1ef60f6"
  name = "golang.org/x/text"
  packages = [
    "internal/format",
    "internal/gen",
    "internal/language",
    "internal/language/compact",
    "internal/tag",
    "language",
    "language/display",
    "unicode/cldr",
  ]
  pruneopts = "UT"
  revision = "342b2e1fbaa52c93f31447ad2c6abc048c63e475"
  version = "v0.3.2"

[solve-meta]
  analyzer-name = "dep"
  analyzer-version = 1
  input-imports = ["github.com/rylans/getlang"]
  solver-name = "gps-cdcl"
  solver-version = 1
